{
  "lockfileVersion": 1,
  "configVersion": 1,
  "workspaces": {
    "": {
      "name": "workflow-prototype",
      "dependencies": {
        "@ai-sdk/anthropic": "^3.0.50",
        "@ai-sdk/openai": "^3.0.37",
        "@dagrejs/dagre": "^2.0.4",
        "@jmespath-community/jmespath": "^1.3.0",
        "@xyflow/react": "^12.10.1",
        "ai": "^6.0.105",
        "arktype": "^2.1.29",
        "bun-plugin-tailwind": "^0.1.2",
        "dedent": "^1.7.1",
        "react": "^19.2.4",
        "react-dom": "^19.2.4",
        "tailwindcss": "^4.2.1",
      },
      "devDependencies": {
        "@biomejs/biome": "2.4.4",
        "@types/bun": "latest",
        "@types/react": "^19.2.14",
        "@types/react-dom": "^19.2.3",
        "@typescript/native-preview": "^7.0.0-dev.20260301.1",
      },
      "peerDependencies": {
        "typescript": "^5",
      },
    },
  },
  "packages": {
    "@ai-sdk/anthropic": ["@ai-sdk/anthropic@3.0.50", "", { "dependencies": { "@ai-sdk/provider": "3.0.8", "@ai-sdk/provider-utils": "4.0.16" }, "peerDependencies": { "zod": "^3.25.76 || ^4.1.8" } }, "sha512-BkCUgGTp/iZJuuFBF1wv7GGnrEJg7X7hqbaa+/t4HTBt9dZn3e6NFn5NhPUvo2p5SreUeHEl0As0r2uaVn3K9Q=="],

    "@ai-sdk/gateway": ["@ai-sdk/gateway@3.0.59", "", { "dependencies": { "@ai-sdk/provider": "3.0.8", "@ai-sdk/provider-utils": "4.0.16", "@vercel/oidc": "3.1.0" }, "peerDependencies": { "zod": "^3.25.76 || ^4.1.8" } }, "sha512-MbtheWHgEFV/8HL1Z6E3hOAsmP73zZlNFg0F0nJAD0Adnjp4J/plqNK00Y896d+dWTw+r0OXzyov9/2wCFjH0Q=="],

    "@ai-sdk/openai": ["@ai-sdk/openai@3.0.37", "", { "dependencies": { "@ai-sdk/provider": "3.0.8", "@ai-sdk/provider-utils": "4.0.16" }, "peerDependencies": { "zod": "^3.25.76 || ^4.1.8" } }, "sha512-bcYjT3/58i/C0DN3AnrjiGsAb0kYivZLWWUtgTjsBurHSht/LTEy+w3dw5XQe3FmZwX7Z/mUQCiA3wB/5Kf7ow=="],

    "@ai-sdk/provider": ["@ai-sdk/provider@3.0.8", "", { "dependencies": { "json-schema": "^0.4.0" } }, "sha512-oGMAgGoQdBXbZqNG0Ze56CHjDZ1IDYOwGYxYjO5KLSlz5HiNQ9udIXsPZ61VWaHGZ5XW/jyjmr6t2xz2jGVwbQ=="],

    "@ai-sdk/provider-utils": ["@ai-sdk/provider-utils@4.0.16", "", { "dependencies": { "@ai-sdk/provider": "3.0.8", "@standard-schema/spec": "^1.1.0", "eventsource-parser": "^3.0.6" }, "peerDependencies": { "zod": "^3.25.76 || ^4.1.8" } }, "sha512-kBvDqNkt5EwlzF9FujmNhhtl8FYg3e8FO8P5uneKliqfRThWemzBj+wfYr7ZCymAQhTRnwSSz1/SOqhOAwmx9g=="],

    "@ark/schema": ["@ark/schema@0.56.0", "", { "dependencies": { "@ark/util": "0.56.0" } }, "sha512-ECg3hox/6Z/nLajxXqNhgPtNdHWC9zNsDyskwO28WinoFEnWow4IsERNz9AnXRhTZJnYIlAJ4uGn3nlLk65vZA=="],

    "@ark/util": ["@ark/util@0.56.0", "", {}, "sha512-BghfRC8b9pNs3vBoDJhcta0/c1J1rsoS1+HgVUreMFPdhz/CRAKReAu57YEllNaSy98rWAdY1gE+gFup7OXpgA=="],

    "@biomejs/biome": ["@biomejs/biome@2.4.4", "", { "optionalDependencies": { "@biomejs/cli-darwin-arm64": "2.4.4", "@biomejs/cli-darwin-x64": "2.4.4", "@biomejs/cli-linux-arm64": "2.4.4", "@biomejs/cli-linux-arm64-musl": "2.4.4", "@biomejs/cli-linux-x64": "2.4.4", "@biomejs/cli-linux-x64-musl": "2.4.4", "@biomejs/cli-win32-arm64": "2.4.4", "@biomejs/cli-win32-x64": "2.4.4" }, "bin": { "biome": "bin/biome" } }, "sha512-tigwWS5KfJf0cABVd52NVaXyAVv4qpUXOWJ1rxFL8xF1RVoeS2q/LK+FHgYoKMclJCuRoCWAPy1IXaN9/mS61Q=="],

    "@biomejs/cli-darwin-arm64": ["@biomejs/cli-darwin-arm64@2.4.4", "", { "os": "darwin", "cpu": "arm64" }, "sha512-jZ+Xc6qvD6tTH5jM6eKX44dcbyNqJHssfl2nnwT6vma6B1sj7ZLTGIk6N5QwVBs5xGN52r3trk5fgd3sQ9We9A=="],

    "@biomejs/cli-darwin-x64": ["@biomejs/cli-darwin-x64@2.4.4", "", { "os": "darwin", "cpu": "x64" }, "sha512-Dh1a/+W+SUCXhEdL7TiX3ArPTFCQKJTI1mGncZNWfO+6suk+gYA4lNyJcBB+pwvF49uw0pEbUS49BgYOY4hzUg=="],

    "@biomejs/cli-linux-arm64": ["@biomejs/cli-linux-arm64@2.4.4", "", { "os": "linux", "cpu": "arm64" }, "sha512-V/NFfbWhsUU6w+m5WYbBenlEAz8eYnSqRMDMAW3K+3v0tYVkNyZn8VU0XPxk/lOqNXLSCCrV7FmV/u3SjCBShg=="],

    "@biomejs/cli-linux-arm64-musl": ["@biomejs/cli-linux-arm64-musl@2.4.4", "", { "os": "linux", "cpu": "arm64" }, "sha512-+sPAXq3bxmFwhVFJnSwkSF5Rw2ZAJMH3MF6C9IveAEOdSpgajPhoQhbbAK12SehN9j2QrHpk4J/cHsa/HqWaYQ=="],

    "@biomejs/cli-linux-x64": ["@biomejs/cli-linux-x64@2.4.4", "", { "os": "linux", "cpu": "x64" }, "sha512-R4+ZCDtG9kHArasyBO+UBD6jr/FcFCTH8QkNTOCu0pRJzCWyWC4EtZa2AmUZB5h3e0jD7bRV2KvrENcf8rndBg=="],

    "@biomejs/cli-linux-x64-musl": ["@biomejs/cli-linux-x64-musl@2.4.4", "", { "os": "linux", "cpu": "x64" }, "sha512-gGvFTGpOIQDb5CQ2VC0n9Z2UEqlP46c4aNgHmAMytYieTGEcfqhfCFnhs6xjt0S3igE6q5GLuIXtdQt3Izok+g=="],

    "@biomejs/cli-win32-arm64": ["@biomejs/cli-win32-arm64@2.4.4", "", { "os": "win32", "cpu": "arm64" }, "sha512-trzCqM7x+Gn832zZHgr28JoYagQNX4CZkUZhMUac2YxvvyDRLJDrb5m9IA7CaZLlX6lTQmADVfLEKP1et1Ma4Q=="],

    "@biomejs/cli-win32-x64": ["@biomejs/cli-win32-x64@2.4.4", "", { "os": "win32", "cpu": "x64" }, "sha512-gnOHKVPFAAPrpoPt2t+Q6FZ7RPry/FDV3GcpU53P3PtLNnQjBmKyN2Vh/JtqXet+H4pme8CC76rScwdjDcT1/A=="],

    "@dagrejs/dagre": ["@dagrejs/dagre@2.0.4", "", { "dependencies": { "@dagrejs/graphlib": "3.0.4" } }, "sha512-J6vCWTNpicHF4zFlZG1cS5DkGzMr9941gddYkakjrg3ZNev4bbqEgLHFTWiFrcJm7UCRu7olO3K6IRDd9gSGhA=="],

    "@dagrejs/graphlib": ["@dagrejs/graphlib@3.0.4", "", {}, "sha512-HxZ7fCvAwTLCWCO0WjDkzAFQze8LdC6iOpKbetDKHIuDfIgMlIzYzqZ4nxwLlclQX+3ZVeZ1K2OuaOE2WWcyOg=="],

    "@jmespath-community/jmespath": ["@jmespath-community/jmespath@1.3.0", "", { "bin": { "jp": "dist/cli.mjs" } }, "sha512-nzOrEdWKNpognj6CT+1Atr7gw0bqUC1KTBRyasBXS9NjFpz+og7LeFZrIQqV81GRcCzKa5H+DNipvv7NQK3GzA=="],

    "@opentelemetry/api": ["@opentelemetry/api@1.9.0", "", {}, "sha512-3giAOQvZiH5F9bMlMiv8+GSPMeqg0dbaeo58/0SlA9sxSqZhnUtxzX9/2FzyhS9sWQf5S0GJE0AKBrFqjpeYcg=="],

    "@oven/bun-darwin-aarch64": ["@oven/bun-darwin-aarch64@1.3.10", "", { "os": "darwin", "cpu": "arm64" }, "sha512-PXgg5gqcS/rHwa1hF0JdM1y5TiyejVrMHoBmWY/DjtfYZoFTXie1RCFOkoG0b5diOOmUcuYarMpH7CSNTqwj+w=="],

    "@oven/bun-darwin-x64": ["@oven/bun-darwin-x64@1.3.10", "", { "os": "darwin", "cpu": "x64" }, "sha512-Nhssuh7GBpP5PiDSOl3+qnoIG7PJo+ec2oomDevnl9pRY6x6aD2gRt0JE+uf+A8Om2D6gjeHCxjEdrw5ZHE8mA=="],

    "@oven/bun-darwin-x64-baseline": ["@oven/bun-darwin-x64-baseline@1.3.10", "", { "os": "darwin", "cpu": "x64" }, "sha512-w1gaTlqU0IJCmJ1X+PGHkdNU1n8Gemx5YKkjhkJIguvFINXEBB5U1KG82QsT65Tk4KyNMfbLTlmy4giAvUoKfA=="],

    "@oven/bun-linux-aarch64": ["@oven/bun-linux-aarch64@1.3.10", "", { "os": "linux", "cpu": "arm64" }, "sha512-OUgPHfL6+PM2Q+tFZjcaycN3D7gdQdYlWnwMI31DXZKY1r4HINWk9aEz9t/rNaHg65edwNrt7dsv9TF7xK8xIA=="],

    "@oven/bun-linux-aarch64-musl": ["@oven/bun-linux-aarch64-musl@1.3.10", "", { "os": "linux", "cpu": "arm64" }, "sha512-Ui5pAgM7JE9MzHokF0VglRMkbak3lTisY4Mf1AZutPACXWgKJC5aGrgnHBfkl7QS6fEeYb0juy1q4eRznRHOsw=="],

    "@oven/bun-linux-x64": ["@oven/bun-linux-x64@1.3.10", "", { "os": "linux", "cpu": "x64" }, "sha512-bzUgYj/PIZziB/ZesIP9HUyfvh6Vlf3od+TrbTTyVEuCSMKzDPQVW/yEbRp0tcHO3alwiEXwJDrWrHAguXlgiQ=="],

    "@oven/bun-linux-x64-baseline": ["@oven/bun-linux-x64-baseline@1.3.10", "", { "os": "linux", "cpu": "x64" }, "sha512-oqvMDYpX6dGJO03HgO5bXuccEsH3qbdO3MaAiAlO4CfkBPLUXz3N0DDElg5hz0L6ktdDVKbQVE5lfe+LAUISQg=="],

    "@oven/bun-linux-x64-musl": ["@oven/bun-linux-x64-musl@1.3.10", "", { "os": "linux", "cpu": "x64" }, "sha512-poVXvOShekbexHq45b4MH/mRjQKwACAC8lHp3Tz/hEDuz0/20oncqScnmKwzhBPEpqJvydXficXfBYuSim8opw=="],

    "@oven/bun-linux-x64-musl-baseline": ["@oven/bun-linux-x64-musl-baseline@1.3.10", "", { "os": "linux", "cpu": "x64" }, "sha512-/hOZ6S1VsTX6vtbhWVL9aAnOrdpuO54mAGUWpTdMz7dFG5UBZ/VUEiK0pBkq9A1rlBk0GeD/6Y4NBFl8Ha7cRA=="],

    "@oven/bun-windows-aarch64": ["@oven/bun-windows-aarch64@1.3.10", "", { "os": "win32", "cpu": "arm64" }, "sha512-GXbz2swvN2DLw2dXZFeedMxSJtI64xQ9xp9Eg7Hjejg6mS2E4dP1xoQ2yAo2aZPi/2OBPAVaGzppI2q20XumHA=="],

    "@oven/bun-windows-x64": ["@oven/bun-windows-x64@1.3.10", "", { "os": "win32", "cpu": "x64" }, "sha512-qaS1In3yfC/Z/IGQriVmF8GWwKuNqiw7feTSJWaQhH5IbL6ENR+4wGNPniZSJFaM/SKUO0e/YCRdoVBvgU4C1g=="],

    "@oven/bun-windows-x64-baseline": ["@oven/bun-windows-x64-baseline@1.3.10", "", { "os": "win32", "cpu": "x64" }, "sha512-gh3UAHbUdDUG6fhLc1Csa4IGdtghue6U8oAIXWnUqawp6lwb3gOCRvp25IUnLF5vUHtgfMxuEUYV7YA2WxVutw=="],

    "@standard-schema/spec": ["@standard-schema/spec@1.1.0", "", {}, "sha512-l2aFy5jALhniG5HgqrD6jXLi/rUWrKvqN/qJx6yoJsgKhblVd+iqqU4RCXavm/jPityDo5TCvKMnpjKnOriy0w=="],

    "@types/bun": ["@types/bun@1.3.9", "", { "dependencies": { "bun-types": "1.3.9" } }, "sha512-KQ571yULOdWJiMH+RIWIOZ7B2RXQGpL1YQrBtLIV3FqDcCu6FsbFUBwhdKUlCKUpS3PJDsHlJ1QKlpxoVR+xtw=="],

    "@types/d3-color": ["@types/d3-color@3.1.3", "", {}, "sha512-iO90scth9WAbmgv7ogoq57O9YpKmFBbmoEoCHDB2xMBY0+/KVrqAaCDyCE16dUspeOvIxFFRI+0sEtqDqy2b4A=="],

    "@types/d3-drag": ["@types/d3-drag@3.0.7", "", { "dependencies": { "@types/d3-selection": "*" } }, "sha512-HE3jVKlzU9AaMazNufooRJ5ZpWmLIoc90A37WU2JMmeq28w1FQqCZswHZ3xR+SuxYftzHq6WU6KJHvqxKzTxxQ=="],

    "@types/d3-interpolate": ["@types/d3-interpolate@3.0.4", "", { "dependencies": { "@types/d3-color": "*" } }, "sha512-mgLPETlrpVV1YRJIglr4Ez47g7Yxjl1lj7YKsiMCb27VJH9W8NVM6Bb9d8kkpG/uAQS5AmbA48q2IAolKKo1MA=="],

    "@types/d3-selection": ["@types/d3-selection@3.0.11", "", {}, "sha512-bhAXu23DJWsrI45xafYpkQ4NtcKMwWnAC/vKrd2l+nxMFuvOT3XMYTIj2opv8vq8AO5Yh7Qac/nSeP/3zjTK0w=="],

    "@types/d3-transition": ["@types/d3-transition@3.0.9", "", { "dependencies": { "@types/d3-selection": "*" } }, "sha512-uZS5shfxzO3rGlu0cC3bjmMFKsXv+SmZZcgp0KD22ts4uGXp5EVYGzu/0YdwZeKmddhcAccYtREJKkPfXkZuCg=="],

    "@types/d3-zoom": ["@types/d3-zoom@3.0.8", "", { "dependencies": { "@types/d3-interpolate": "*", "@types/d3-selection": "*" } }, "sha512-iqMC4/YlFCSlO8+2Ii1GGGliCAY4XdeG748w5vQUbevlbDu0zSjH/+jojorQVBK/se0j6DUFNPBGSqD3YWYnDw=="],

    "@types/node": ["@types/node@25.3.3", "", { "dependencies": { "undici-types": "~7.18.0" } }, "sha512-DpzbrH7wIcBaJibpKo9nnSQL0MTRdnWttGyE5haGwK86xgMOkFLp7vEyfQPGLOJh5wNYiJ3V9PmUMDhV9u8kkQ=="],

    "@types/react": ["@types/react@19.2.14", "", { "dependencies": { "csstype": "^3.2.2" } }, "sha512-ilcTH/UniCkMdtexkoCN0bI7pMcJDvmQFPvuPvmEaYA/NSfFTAgdUSLAoVjaRJm7+6PvcM+q1zYOwS4wTYMF9w=="],

    "@types/react-dom": ["@types/react-dom@19.2.3", "", { "peerDependencies": { "@types/react": "^19.2.0" } }, "sha512-jp2L/eY6fn+KgVVQAOqYItbF0VY/YApe5Mz2F0aykSO8gx31bYCZyvSeYxCHKvzHG5eZjc+zyaS5BrBWya2+kQ=="],

    "@typescript/native-preview": ["@typescript/native-preview@7.0.0-dev.20260301.1", "", { "optionalDependencies": { "@typescript/native-preview-darwin-arm64": "7.0.0-dev.20260301.1", "@typescript/native-preview-darwin-x64": "7.0.0-dev.20260301.1", "@typescript/native-preview-linux-arm": "7.0.0-dev.20260301.1", "@typescript/native-preview-linux-arm64": "7.0.0-dev.20260301.1", "@typescript/native-preview-linux-x64": "7.0.0-dev.20260301.1", "@typescript/native-preview-win32-arm64": "7.0.0-dev.20260301.1", "@typescript/native-preview-win32-x64": "7.0.0-dev.20260301.1" }, "bin": { "tsgo": "bin/tsgo.js" } }, "sha512-hmQSkgiIDAzdjyk4P8/dU8lLch1sR8spamGZ/ypPkz3rmraiLaeDj6rqlrgyZNOcSpk0R3kXw3y5qJ9121gjNQ=="],

    "@typescript/native-preview-darwin-arm64": ["@typescript/native-preview-darwin-arm64@7.0.0-dev.20260301.1", "", { "os": "darwin", "cpu": "arm64" }, "sha512-z8Efrjf04XjwX3QsLJARUMNl0/Bhe2z3iBbLI1hPAvqvkRK9C6T0Fywup3rEqBpUXCWsVjOyCxJjmuDA/9vZ5g=="],

    "@typescript/native-preview-darwin-x64": ["@typescript/native-preview-darwin-x64@7.0.0-dev.20260301.1", "", { "os": "darwin", "cpu": "x64" }, "sha512-qKySo/Tsya2zO3kIecrvP3WfEzS2GYy0qJwPmQ+LTqgONnuQJDohjyC3461cTKYBYL/kvkqfBrUGmjrg9fMyEA=="],

    "@typescript/native-preview-linux-arm": ["@typescript/native-preview-linux-arm@7.0.0-dev.20260301.1", "", { "os": "linux", "cpu": "arm" }, "sha512-os9ohNd3XSO3+jKgMo3Ac1L6vzqg2GY9gcBsjp6Z5NrnZtnbq6e+uHkqavsE73NP1VIAsjIwZThjw4zY9GY7bg=="],

    "@typescript/native-preview-linux-arm64": ["@typescript/native-preview-linux-arm64@7.0.0-dev.20260301.1", "", { "os": "linux", "cpu": "arm64" }, "sha512-VNSRYpHbqnsJ18nO0buY85ZGloPoEi0W3rys93UzyZQGdxxqCKK5NxI+FV1siHNedFY2GRLr/7h1gZ8fcdeMvQ=="],

    "@typescript/native-preview-linux-x64": ["@typescript/native-preview-linux-x64@7.0.0-dev.20260301.1", "", { "os": "linux", "cpu": "x64" }, "sha512-w2iRqNEjvJbzqOYuRckpRBOJpJio2lOFTei7INQ0QED/TOO3XqJvAkyOzDrIgCO9YGWjDUIbuXZ/+4fldGIs3Q=="],

    "@typescript/native-preview-win32-arm64": ["@typescript/native-preview-win32-arm64@7.0.0-dev.20260301.1", "", { "os": "win32", "cpu": "arm64" }, "sha512-w6uu75HQek25Agu5+CcpzPS9PN3NTEyHSNMp9oypR8dj7zPRsudM8M4vhFTMDVCZ/lX/mWXkgG8dHmI+myWWvw=="],

    "@typescript/native-preview-win32-x64": ["@typescript/native-preview-win32-x64@7.0.0-dev.20260301.1", "", { "os": "win32", "cpu": "x64" }, "sha512-r2T4W5oYhOHAOVE0U/L1aFCsNDhv0BIRtyk9pL3eqGPLoYH4vtR96/CIpsVt04JDuh0fxOBHcbVjWaZdeZaTCQ=="],

    "@vercel/oidc": ["@vercel/oidc@3.1.0", "", {}, "sha512-Fw28YZpRnA3cAHHDlkt7xQHiJ0fcL+NRcIqsocZQUSmbzeIKRpwttJjik5ZGanXP+vlA4SbTg+AbA3bP363l+w=="],

    "@xyflow/react": ["@xyflow/react@12.10.1", "", { "dependencies": { "@xyflow/system": "0.0.75", "classcat": "^5.0.3", "zustand": "^4.4.0" }, "peerDependencies": { "react": ">=17", "react-dom": ">=17" } }, "sha512-5eSWtIK/+rkldOuFbOOz44CRgQRjtS9v5nufk77DV+XBnfCGL9HAQ8PG00o2ZYKqkEU/Ak6wrKC95Tu+2zuK3Q=="],

    "@xyflow/system": ["@xyflow/system@0.0.75", "", { "dependencies": { "@types/d3-drag": "^3.0.7", "@types/d3-interpolate": "^3.0.4", "@types/d3-selection": "^3.0.10", "@types/d3-transition": "^3.0.8", "@types/d3-zoom": "^3.0.8", "d3-drag": "^3.0.0", "d3-interpolate": "^3.0.1", "d3-selection": "^3.0.0", "d3-zoom": "^3.0.0" } }, "sha512-iXs+AGFLi8w/VlAoc/iSxk+CxfT6o64Uw/k0CKASOPqjqz6E0rb5jFZgJtXGZCpfQI6OQpu5EnumP5fGxQheaQ=="],

    "ai": ["ai@6.0.105", "", { "dependencies": { "@ai-sdk/gateway": "3.0.59", "@ai-sdk/provider": "3.0.8", "@ai-sdk/provider-utils": "4.0.16", "@opentelemetry/api": "1.9.0" }, "peerDependencies": { "zod": "^3.25.76 || ^4.1.8" } }, "sha512-rp+exWtZS3J0DDvZIfetpKCIg7D3cCsvBPoFN3I67IDTs9aoBZDbpecoIkmNLT+U9RBkoEial3OGHRvme23HCw=="],

    "arkregex": ["arkregex@0.0.5", "", { "dependencies": { "@ark/util": "0.56.0" } }, "sha512-ncYjBdLlh5/QnVsAA8De16Tc9EqmYM7y/WU9j+236KcyYNUXogpz3sC4ATIZYzzLxwI+0sEOaQLEmLmRleaEXw=="],

    "arktype": ["arktype@2.1.29", "", { "dependencies": { "@ark/schema": "0.56.0", "@ark/util": "0.56.0", "arkregex": "0.0.5" } }, "sha512-jyfKk4xIOzvYNayqnD8ZJQqOwcrTOUbIU4293yrzAjA3O1dWh61j71ArMQ6tS/u4pD7vabSPe7nG3RCyoXW6RQ=="],

    "bun": ["bun@1.3.10", "", { "optionalDependencies": { "@oven/bun-darwin-aarch64": "1.3.10", "@oven/bun-darwin-x64": "1.3.10", "@oven/bun-darwin-x64-baseline": "1.3.10", "@oven/bun-linux-aarch64": "1.3.10", "@oven/bun-linux-aarch64-musl": "1.3.10", "@oven/bun-linux-x64": "1.3.10", "@oven/bun-linux-x64-baseline": "1.3.10", "@oven/bun-linux-x64-musl": "1.3.10", "@oven/bun-linux-x64-musl-baseline": "1.3.10", "@oven/bun-windows-aarch64": "1.3.10", "@oven/bun-windows-x64": "1.3.10", "@oven/bun-windows-x64-baseline": "1.3.10" }, "os": [ "linux", "win32", "darwin", ], "cpu": [ "x64", "arm64", ], "bin": { "bun": "bin/bun.exe", "bunx": "bin/bunx.exe" } }, "sha512-S/CXaXXIyA4CMjdMkYQ4T2YMqnAn4s0ysD3mlsY4bUiOCqGlv28zck4Wd4H4kpvbekx15S9mUeLQ7Uxd0tYTLA=="],

    "bun-plugin-tailwind": ["bun-plugin-tailwind@0.1.2", "", { "peerDependencies": { "bun": ">=1.0.0" } }, "sha512-41jNC1tZRSK3s1o7pTNrLuQG8kL/0vR/JgiTmZAJ1eHwe0w5j6HFPKeqEk0WAD13jfrUC7+ULuewFBBCoADPpg=="],

    "bun-types": ["bun-types@1.3.9", "", { "dependencies": { "@types/node": "*" } }, "sha512-+UBWWOakIP4Tswh0Bt0QD0alpTY8cb5hvgiYeWCMet9YukHbzuruIEeXC2D7nMJPB12kbh8C7XJykSexEqGKJg=="],

    "classcat": ["classcat@5.0.5", "", {}, "sha512-JhZUT7JFcQy/EzW605k/ktHtncoo9vnyW/2GspNYwFlN1C/WmjuV/xtS04e9SOkL2sTdw0VAZ2UGCcQ9lR6p6w=="],

    "csstype": ["csstype@3.2.3", "", {}, "sha512-z1HGKcYy2xA8AGQfwrn0PAy+PB7X/GSj3UVJW9qKyn43xWa+gl5nXmU4qqLMRzWVLFC8KusUX8T/0kCiOYpAIQ=="],

    "d3-color": ["d3-color@3.1.0", "", {}, "sha512-zg/chbXyeBtMQ1LbD/WSoW2DpC3I0mpmPdW+ynRTj/x2DAWYrIY7qeZIHidozwV24m4iavr15lNwIwLxRmOxhA=="],

    "d3-dispatch": ["d3-dispatch@3.0.1", "", {}, "sha512-rzUyPU/S7rwUflMyLc1ETDeBj0NRuHKKAcvukozwhshr6g6c5d8zh4c2gQjY2bZ0dXeGLWc1PF174P2tVvKhfg=="],

    "d3-drag": ["d3-drag@3.0.0", "", { "dependencies": { "d3-dispatch": "1 - 3", "d3-selection": "3" } }, "sha512-pWbUJLdETVA8lQNJecMxoXfH6x+mO2UQo8rSmZ+QqxcbyA3hfeprFgIT//HW2nlHChWeIIMwS2Fq+gEARkhTkg=="],

    "d3-ease": ["d3-ease@3.0.1", "", {}, "sha512-wR/XK3D3XcLIZwpbvQwQ5fK+8Ykds1ip7A2Txe0yxncXSdq1L9skcG7blcedkOX+ZcgxGAmLX1FrRGbADwzi0w=="],

    "d3-interpolate": ["d3-interpolate@3.0.1", "", { "dependencies": { "d3-color": "1 - 3" } }, "sha512-3bYs1rOD33uo8aqJfKP3JWPAibgw8Zm2+L9vBKEHJ2Rg+viTR7o5Mmv5mZcieN+FRYaAOWX5SJATX6k1PWz72g=="],

    "d3-selection": ["d3-selection@3.0.0", "", {}, "sha512-fmTRWbNMmsmWq6xJV8D19U/gw/bwrHfNXxrIN+HfZgnzqTHp9jOmKMhsTUjXOJnZOdZY9Q28y4yebKzqDKlxlQ=="],

    "d3-timer": ["d3-timer@3.0.1", "", {}, "sha512-ndfJ/JxxMd3nw31uyKoY2naivF+r29V+Lc0svZxe1JvvIRmi8hUsrMvdOwgS1o6uBHmiz91geQ0ylPP0aj1VUA=="],

    "d3-transition": ["d3-transition@3.0.1", "", { "dependencies": { "d3-color": "1 - 3", "d3-dispatch": "1 - 3", "d3-ease": "1 - 3", "d3-interpolate": "1 - 3", "d3-timer": "1 - 3" }, "peerDependencies": { "d3-selection": "2 - 3" } }, "sha512-ApKvfjsSR6tg06xrL434C0WydLr7JewBB3V+/39RMHsaXTOG0zmt/OAXeng5M5LBm0ojmxJrpomQVZ1aPvBL4w=="],

    "d3-zoom": ["d3-zoom@3.0.0", "", { "dependencies": { "d3-dispatch": "1 - 3", "d3-drag": "2 - 3", "d3-interpolate": "1 - 3", "d3-selection": "2 - 3", "d3-transition": "2 - 3" } }, "sha512-b8AmV3kfQaqWAuacbPuNbL6vahnOJflOhexLzMMNLga62+/nh0JzvJ0aO/5a5MVgUFGS7Hu1P9P03o3fJkDCyw=="],

    "dedent": ["dedent@1.7.1", "", { "peerDependencies": { "babel-plugin-macros": "^3.1.0" }, "optionalPeers": ["babel-plugin-macros"] }, "sha512-9JmrhGZpOlEgOLdQgSm0zxFaYoQon408V1v49aqTWuXENVlnCuY9JBZcXZiCsZQWDjTm5Qf/nIvAy77mXDAjEg=="],

    "eventsource-parser": ["eventsource-parser@3.0.6", "", {}, "sha512-Vo1ab+QXPzZ4tCa8SwIHJFaSzy4R6SHf7BY79rFBDf0idraZWAkYrDjDj8uWaSm3S2TK+hJ7/t1CEmZ7jXw+pg=="],

    "json-schema": ["json-schema@0.4.0", "", {}, "sha512-es94M3nTIfsEPisRafak+HDLfHXnKBhV3vU5eqPcS3flIWqcxJWgXHXiey3YrpaNsanY5ei1VoYEbOzijuq9BA=="],

    "react": ["react@19.2.4", "", {}, "sha512-9nfp2hYpCwOjAN+8TZFGhtWEwgvWHXqESH8qT89AT/lWklpLON22Lc8pEtnpsZz7VmawabSU0gCjnj8aC0euHQ=="],

    "react-dom": ["react-dom@19.2.4", "", { "dependencies": { "scheduler": "^0.27.0" }, "peerDependencies": { "react": "^19.2.4" } }, "sha512-AXJdLo8kgMbimY95O2aKQqsz2iWi9jMgKJhRBAxECE4IFxfcazB2LmzloIoibJI3C12IlY20+KFaLv+71bUJeQ=="],

    "scheduler": ["scheduler@0.27.0", "", {}, "sha512-eNv+WrVbKu1f3vbYJT/xtiF5syA5HPIMtf9IgY/nKg0sWqzAUEvqY/xm7OcZc/qafLx/iO9FgOmeSAp4v5ti/Q=="],

    "tailwindcss": ["tailwindcss@4.2.1", "", {}, "sha512-/tBrSQ36vCleJkAOsy9kbNTgaxvGbyOamC30PRePTQe/o1MFwEKHQk4Cn7BNGaPtjp+PuUrByJehM1hgxfq4sw=="],

    "typescript": ["typescript@5.9.3", "", { "bin": { "tsc": "bin/tsc", "tsserver": "bin/tsserver" } }, "sha512-jl1vZzPDinLr9eUt3J/t7V6FgNEw9QjvBPdysz9KfQDD41fQrC2Y4vKQdiaUpFT4bXlb1RHhLpp8wtm6M5TgSw=="],

    "undici-types": ["undici-types@7.18.2", "", {}, "sha512-AsuCzffGHJybSaRrmr5eHr81mwJU3kjw6M+uprWvCXiNeN9SOGwQ3Jn8jb8m3Z6izVgknn1R0FTCEAP2QrLY/w=="],

    "use-sync-external-store": ["use-sync-external-store@1.6.0", "", { "peerDependencies": { "react": "^16.8.0 || ^17.0.0 || ^18.0.0 || ^19.0.0" } }, "sha512-Pp6GSwGP/NrPIrxVFAIkOQeyw8lFenOHijQWkUTrDvrF4ALqylP2C/KCkeS9dpUM3KvYRQhna5vt7IL95+ZQ9w=="],

    "zod": ["zod@4.3.6", "", {}, "sha512-rftlrkhHZOcjDwkGlnUtZZkvaPHCsDATp4pGpuOOMDaTdDDXF91wuVDJoWoPsKX/3YPQ5fHuF3STjcYyKr+Qhg=="],

    "zustand": ["zustand@4.5.7", "", { "dependencies": { "use-sync-external-store": "^1.2.2" }, "peerDependencies": { "@types/react": ">=16.8", "immer": ">=9.0.6", "react": ">=16.8" }, "optionalPeers": ["@types/react", "immer", "react"] }, "sha512-CHOUy7mu3lbD6o6LJLfllpjkzhHXSBlX8B9+qPddUsIfeF5S/UZ5q0kmCsnRqT1UHFQZchNFDDzMbQsuesHWlw=="],
  }
}
